
Microsoft Visual Studio Solution File, Format Version 10.00
# Visual Studio 2008
Project("{FAE04EC0-301F-11D3-BF4B-00C04F79EFBC}") = "XetTuyen", "XetTuyen.csproj", "{C056647D-CE45-47A6-A0D8-9E329077499E}"
EndProject
Project("{54435603-DBB4-11D2-8724-00A0C9A8B90C}") = "XetTuyenSetup", "..\XetTuyenSetup\XetTuyenSetup.vdproj", "{2133DE59-FE37-44B7-8F8B-A8E76E798E9A}"
EndProject
Global
	GlobalSection(SolutionConfigurationPlatforms) = preSolution
		Debug|.NET = Debug|.NET
		Debug|Any CPU = Debug|Any CPU
		Debug|Mixed Platforms = Debug|Mixed Platforms
		Release|.NET = Release|.NET
		Release|Any CPU = Release|Any CPU
		Release|Mixed Platforms = Release|Mixed Platforms
	EndGlobalSection
	GlobalSection(ProjectConfigurationPlatforms) = postSolution
		{C056647D-CE45-47A6-A0D8-9E329077499E}.Debug|.NET.ActiveCfg = Debug|Any CPU
		{C056647D-CE45-47A6-A0D8-9E329077499E}.Debug|Any CPU.ActiveCfg = Debug|Any CPU
		{C056647D-CE45-47A6-A0D8-9E329077499E}.Debug|Any CPU.Build.0 = Debug|Any CPU
		{C056647D-CE45-47A6-A0D8-9E329077499E}.Debug|Mixed Platforms.ActiveCfg = Debug|Any CPU
		{C056647D-CE45-47A6-A0D8-9E329077499E}.Debug|Mixed Platforms.Build.0 = Debug|Any CPU
		{C056647D-CE45-47A6-A0D8-9E329077499E}.Release|.NET.ActiveCfg = Release|Any CPU
		{C056647D-CE45-47A6-A0D8-9E329077499E}.Release|Any CPU.ActiveCfg = Release|Any CPU
		{C056647D-CE45-47A6-A0D8-9E329077499E}.Release|Any CPU.Build.0 = Release|Any CPU
		{C056647D-CE45-47A6-A0D8-9E329077499E}.Release|Mixed Platforms.ActiveCfg = Release|Any CPU
		{C056647D-CE45-47A6-A0D8-9E329077499E}.Release|Mixed Platforms.Build.0 = Release|Any CPU
		{2133DE59-FE37-44B7-8F8B-A8E76E798E9A}.Debug|.NET.ActiveCfg = Debug
		{2133DE59-FE37-44B7-8F8B-A8E76E798E9A}.Debug|Any CPU.ActiveCfg = Debug
		{2133DE59-FE37-44B7-8F8B-A8E76E798E9A}.Debug|Mixed Platforms.ActiveCfg = Debug
		{2133DE59-FE37-44B7-8F8B-A8E76E798E9A}.Release|.NET.ActiveCfg = Release
		{2133DE59-FE37-44B7-8F8B-A8E76E798E9A}.Release|Any CPU.ActiveCfg = Release
		{2133DE59-FE37-44B7-8F8B-A8E76E798E9A}.Release|Mixed Platforms.ActiveCfg = Release
	EndGlobalSection
	GlobalSection(SolutionProperties) = preSolution
		HideSolutionNode = FALSE
	EndGlobalSection
EndGlobal
